PODS:
  - Bolts (1.2.0):
    - Bolts/AppLinks (= 1.2.0)
    - Bolts/Tasks (= 1.2.0)
  - Bolts/AppLinks (1.2.0):
    - Bolts/Tasks
  - Bolts/Tasks (1.2.0)
  - CardIO (5.0.6)
  - FBSDKCoreKit (4.2.0):
    - Bolts (~> 1.1)
    - FBSDKCoreKit/arc (= 4.2.0)
    - FBSDKCoreKit/no-arc (= 4.2.0)
  - FBSDKCoreKit/arc (4.2.0):
    - Bolts (~> 1.1)
  - FBSDKCoreKit/no-arc (4.2.0):
    - Bolts (~> 1.1)
    - FBSDKCoreKit/arc
  - FBSDKLoginKit (4.2.0):
    - FBSDKCoreKit
  - Stripe (4.0.3):
    - Stripe/Checkout (= 4.0.3)
    - Stripe/Core (= 4.0.3)
  - Stripe/Checkout (4.0.3):
    - Stripe/Core
  - Stripe/Core (4.0.3)

DEPENDENCIES:
  - CardIO
  - FBSDKCoreKit
  - FBSDKLoginKit
  - Stripe

SPEC CHECKSUMS:
  Bolts: d176cb1e0012175589e389a9db49b85e27787576
  CardIO: 3fb62d56651d80e8f98e9572bfbe589ebf13d706
  FBSDKCoreKit: 84b3616a361801f190e43a9909caead7bb6087c7
  FBSDKLoginKit: 57e37106af12c9e264e473dcb75d7decdbb07fe4
  Stripe: 43a4307dc789483a61668d187c4a917d1348b0b6

COCOAPODS: 0.37.1
